
Microsoft Visual Studio Solution File, Format Version 12.00
# Visual Studio 2012
Project("{FAE04EC0-301F-11D3-BF4B-00C04F79EFBC}") = "SpaceWar2Tests", "SpaceWar2Tests\SpaceWar2Tests.csproj", "{5BC5A434-798C-4B10-B4E8-ED39DAEF3497}"
	ProjectSection(ProjectDependencies) = postProject
		{8595BF4D-D77E-4B0A-9066-2DB01EBB3CD9} = {8595BF4D-D77E-4B0A-9066-2DB01EBB3CD9}
	EndProjectSection
EndProject
Project("{FAE04EC0-301F-11D3-BF4B-00C04F79EFBC}") = "SpaceWar2Content", "SpaceWar2Content\SpaceWar2Content.contentproj", "{E7119F13-9692-4D80-A877-420AA7101CD9}"
EndProject
Project("{FAE04EC0-301F-11D3-BF4B-00C04F79EFBC}") = "SpaceWar2", "SpaceWar2\SpaceWar2.csproj", "{8595BF4D-D77E-4B0A-9066-2DB01EBB3CD9}"
EndProject
Project("{2150E333-8FDC-42A3-9474-1A3956D46DE8}") = "Solution Items", "Solution Items", "{6F0CD17E-DACB-4B4E-B506-3035BF1D3410}"
	ProjectSection(SolutionItems) = preProject
		Readme.txt = Readme.txt
	EndProjectSection
EndProject
Project("{2150E333-8FDC-42A3-9474-1A3956D46DE8}") = ".nuget", ".nuget", "{B5FAD68D-FA8C-4049-B044-B7264750C26C}"
	ProjectSection(SolutionItems) = preProject
		.nuget\packages.config = .nuget\packages.config
	EndProjectSection
EndProject
Project("{FAE04EC0-301F-11D3-BF4B-00C04F79EFBC}") = "SpaceWar2.Core", "SpaceWar2.Core\SpaceWar2.Core.csproj", "{D3A2CFAC-D273-467F-90C6-F03F84142DB4}"
EndProject
Project("{F2A71F9B-5D33-465A-A702-920D77279786}") = "SpaceWar2.FCore", "SpaceWar2.FCore\SpaceWar2.FCore.fsproj", "{5E7FBBCC-7032-4218-A5A5-94C1D57ECB49}"
EndProject
Global
	GlobalSection(SolutionConfigurationPlatforms) = preSolution
		Debug|Any CPU = Debug|Any CPU
		Debug|Mixed Platforms = Debug|Mixed Platforms
		Debug|x86 = Debug|x86
		Release|Any CPU = Release|Any CPU
		Release|Mixed Platforms = Release|Mixed Platforms
		Release|x86 = Release|x86
	EndGlobalSection
	GlobalSection(ProjectConfigurationPlatforms) = postSolution
		{5BC5A434-798C-4B10-B4E8-ED39DAEF3497}.Debug|Any CPU.ActiveCfg = Debug|x86
		{5BC5A434-798C-4B10-B4E8-ED39DAEF3497}.Debug|Mixed Platforms.ActiveCfg = Debug|x86
		{5BC5A434-798C-4B10-B4E8-ED39DAEF3497}.Debug|Mixed Platforms.Build.0 = Debug|x86
		{5BC5A434-798C-4B10-B4E8-ED39DAEF3497}.Debug|x86.ActiveCfg = Debug|x86
		{5BC5A434-798C-4B10-B4E8-ED39DAEF3497}.Debug|x86.Build.0 = Debug|x86
		{5BC5A434-798C-4B10-B4E8-ED39DAEF3497}.Release|Any CPU.ActiveCfg = Release|x86
		{5BC5A434-798C-4B10-B4E8-ED39DAEF3497}.Release|Mixed Platforms.ActiveCfg = Release|x86
		{5BC5A434-798C-4B10-B4E8-ED39DAEF3497}.Release|Mixed Platforms.Build.0 = Release|x86
		{5BC5A434-798C-4B10-B4E8-ED39DAEF3497}.Release|x86.ActiveCfg = Release|x86
		{5BC5A434-798C-4B10-B4E8-ED39DAEF3497}.Release|x86.Build.0 = Release|x86
		{E7119F13-9692-4D80-A877-420AA7101CD9}.Debug|Any CPU.ActiveCfg = Debug|x86
		{E7119F13-9692-4D80-A877-420AA7101CD9}.Debug|Mixed Platforms.ActiveCfg = Debug|x86
		{E7119F13-9692-4D80-A877-420AA7101CD9}.Debug|x86.ActiveCfg = Debug|x86
		{E7119F13-9692-4D80-A877-420AA7101CD9}.Release|Any CPU.ActiveCfg = Release|x86
		{E7119F13-9692-4D80-A877-420AA7101CD9}.Release|Mixed Platforms.ActiveCfg = Release|x86
		{E7119F13-9692-4D80-A877-420AA7101CD9}.Release|x86.ActiveCfg = Release|x86
		{8595BF4D-D77E-4B0A-9066-2DB01EBB3CD9}.Debug|Any CPU.ActiveCfg = Debug|x86
		{8595BF4D-D77E-4B0A-9066-2DB01EBB3CD9}.Debug|Mixed Platforms.ActiveCfg = Debug|x86
		{8595BF4D-D77E-4B0A-9066-2DB01EBB3CD9}.Debug|Mixed Platforms.Build.0 = Debug|x86
		{8595BF4D-D77E-4B0A-9066-2DB01EBB3CD9}.Debug|x86.ActiveCfg = Debug|x86
		{8595BF4D-D77E-4B0A-9066-2DB01EBB3CD9}.Debug|x86.Build.0 = Debug|x86
		{8595BF4D-D77E-4B0A-9066-2DB01EBB3CD9}.Release|Any CPU.ActiveCfg = Release|x86
		{8595BF4D-D77E-4B0A-9066-2DB01EBB3CD9}.Release|Mixed Platforms.ActiveCfg = Release|x86
		{8595BF4D-D77E-4B0A-9066-2DB01EBB3CD9}.Release|Mixed Platforms.Build.0 = Release|x86
		{8595BF4D-D77E-4B0A-9066-2DB01EBB3CD9}.Release|x86.ActiveCfg = Release|x86
		{8595BF4D-D77E-4B0A-9066-2DB01EBB3CD9}.Release|x86.Build.0 = Release|x86
		{D3A2CFAC-D273-467F-90C6-F03F84142DB4}.Debug|Any CPU.ActiveCfg = Debug|Any CPU
		{D3A2CFAC-D273-467F-90C6-F03F84142DB4}.Debug|Any CPU.Build.0 = Debug|Any CPU
		{D3A2CFAC-D273-467F-90C6-F03F84142DB4}.Debug|Mixed Platforms.ActiveCfg = Debug|Any CPU
		{D3A2CFAC-D273-467F-90C6-F03F84142DB4}.Debug|Mixed Platforms.Build.0 = Debug|Any CPU
		{D3A2CFAC-D273-467F-90C6-F03F84142DB4}.Debug|x86.ActiveCfg = Debug|Any CPU
		{D3A2CFAC-D273-467F-90C6-F03F84142DB4}.Release|Any CPU.ActiveCfg = Release|Any CPU
		{D3A2CFAC-D273-467F-90C6-F03F84142DB4}.Release|Any CPU.Build.0 = Release|Any CPU
		{D3A2CFAC-D273-467F-90C6-F03F84142DB4}.Release|Mixed Platforms.ActiveCfg = Release|Any CPU
		{D3A2CFAC-D273-467F-90C6-F03F84142DB4}.Release|Mixed Platforms.Build.0 = Release|Any CPU
		{D3A2CFAC-D273-467F-90C6-F03F84142DB4}.Release|x86.ActiveCfg = Release|Any CPU
		{5E7FBBCC-7032-4218-A5A5-94C1D57ECB49}.Debug|Any CPU.ActiveCfg = Debug|Any CPU
		{5E7FBBCC-7032-4218-A5A5-94C1D57ECB49}.Debug|Any CPU.Build.0 = Debug|Any CPU
		{5E7FBBCC-7032-4218-A5A5-94C1D57ECB49}.Debug|Mixed Platforms.ActiveCfg = Debug|Any CPU
		{5E7FBBCC-7032-4218-A5A5-94C1D57ECB49}.Debug|Mixed Platforms.Build.0 = Debug|Any CPU
		{5E7FBBCC-7032-4218-A5A5-94C1D57ECB49}.Debug|x86.ActiveCfg = Debug|Any CPU
		{5E7FBBCC-7032-4218-A5A5-94C1D57ECB49}.Release|Any CPU.ActiveCfg = Release|Any CPU
		{5E7FBBCC-7032-4218-A5A5-94C1D57ECB49}.Release|Any CPU.Build.0 = Release|Any CPU
		{5E7FBBCC-7032-4218-A5A5-94C1D57ECB49}.Release|Mixed Platforms.ActiveCfg = Release|Any CPU
		{5E7FBBCC-7032-4218-A5A5-94C1D57ECB49}.Release|Mixed Platforms.Build.0 = Release|Any CPU
		{5E7FBBCC-7032-4218-A5A5-94C1D57ECB49}.Release|x86.ActiveCfg = Release|Any CPU
	EndGlobalSection
	GlobalSection(SolutionProperties) = preSolution
		HideSolutionNode = FALSE
	EndGlobalSection
EndGlobal
